{
    "_meta": {
        "hash": {
            "sha256": "4025db355f8e24aa047e7bf0fe6d8c4560514907a8469f8e307ecd1a1412dcb2"
        },
        "pipfile-spec": 6,
        "requires": {
            "python_version": "3.7"
        },
        "sources": [
            {
                "name": "pypi",
                "url": "https://pypi.org/simple",
                "verify_ssl": true
            }
        ]
    },
    "default": {
        "better-exceptions": {
            "hashes": [
                "sha256:0a73efef96b48f867ea980227ac3b00d36a92754e6d316ad2ee472f136014580"
            ],
            "index": "pypi",
            "version": "==0.2.1"
        },
        "certifi": {
            "hashes": [
                "sha256:339dc09518b07e2fa7eda5450740925974815557727d6bd35d319c1524a04a4c",
                "sha256:6d58c986d22b038c8c0df30d639f23a3e6d172a05c3583e766f4c0b785c0986a"
            ],
            "version": "==2018.10.15"
        },
        "chardet": {
            "hashes": [
                "sha256:84ab92ed1c4d4f16916e05906b6b75a6c0fb5db821cc65e70cbd64a3e2a5eaae",
                "sha256:fc323ffcaeaed0e0a02bf4d117757b98aed530d9ed4531e3e15460124c106691"
            ],
            "version": "==3.0.4"
        },
        "idna": {
            "hashes": [
                "sha256:156a6814fb5ac1fc6850fb002e0852d56c0c8d2531923a51032d1b70760e186e",
                "sha256:684a38a6f903c1d71d6d5fac066b58d7768af4de2b832e426ec79c30daa94a16"
            ],
            "version": "==2.7"
        },
        "pyqt5": {
            "hashes": [
                "sha256:0e1b099e036ea5e851fb4475b714b2229947dc848022c77420e47f55b642b299",
                "sha256:ac1eb5a114b6e7788e8be378be41c5e54b17d5158994504e85e43b5fca006a39",
                "sha256:d2309296a5a79d0a1c0e6c387c30f0398b65523a6dcc8a19cc172e46b949e00d",
                "sha256:e85936bae1581bcb908847d2038e5b34237a5e6acc03130099a78930770e7ead"
            ],
            "index": "pypi",
            "version": "==5.11.3"
        },
        "pyqt5-sip": {
            "hashes": [
                "sha256:125f77c087572c9272219cda030a63c2f996b8507592b2a54d7ef9b75f9f054d",
                "sha256:14c37b06e3fb7c2234cb208fa461ec4e62b4ba6d8b32ca3753c0b2cfd61b00e3",
                "sha256:1cb2cf52979f9085fc0eab7e0b2438eb4430d4aea8edec89762527e17317175b",
                "sha256:4babef08bccbf223ec34464e1ed0a23caeaeea390ca9a3529227d9a57f0d6ee4",
                "sha256:53cb9c1208511cda0b9ed11cffee992a5a2f5d96eb88722569b2ce65ecf6b960",
                "sha256:549449d9461d6c665cbe8af4a3808805c5e6e037cd2ce4fd93308d44a049bfac",
                "sha256:5f5b3089b200ff33de3f636b398e7199b57a6b5c1bb724bdb884580a072a14b5",
                "sha256:a4d9bf6e1fa2dd6e73f1873f1a47cee11a6ba0cf9ba8cf7002b28c76823600d0",
                "sha256:a4ee6026216f1fbe25c8847f9e0fbce907df5b908f84816e21af16ec7666e6fe",
                "sha256:a91a308a5e0cc99de1e97afd8f09f46dd7ca20cfaa5890ef254113eebaa1adff",
                "sha256:b0342540da479d2713edc68fb21f307473f68da896ad5c04215dae97630e0069",
                "sha256:f997e21b4e26a3397cb7b255b8d1db5b9772c8e0c94b6d870a5a0ab5c27eacaa"
            ],
            "version": "==4.19.13"
        },
        "pysocks": {
            "hashes": [
                "sha256:3fe52c55890a248676fd69dc9e3c4e811718b777834bcaab7a8125cf9deac672"
            ],
            "index": "pypi",
            "version": "==1.6.8"
        },
        "requests": {
            "hashes": [
                "sha256:99dcfdaaeb17caf6e526f32b6a7b780461512ab3f1d992187801694cba42770c",
                "sha256:a84b8c9ab6239b578f22d1c21d51b696dcfe004032bb80ea832398d6909d7279"
            ],
            "index": "pypi",
            "version": "==2.20.0"
        },
        "urllib3": {
            "hashes": [
                "sha256:41c3db2fc01e5b907288010dec72f9d0a74e37d6994e6eb56849f59fea2265ae",
                "sha256:8819bba37a02d143296a4d032373c4dd4aca11f6d4c9973335ca75f9c8475f59"
            ],
            "version": "==1.24"
        }
    },
    "develop": {}
}
